
Microsoft Visual Studio Solution File, Format Version 12.00
# Visual Studio 14
VisualStudioVersion = 14.0.25420.1
MinimumVisualStudioVersion = 10.0.40219.1
Project("{2150E333-8FDC-42A3-9474-1A3956D46DE8}") = "src", "src", "{BA439C52-CE51-48C3-A917-BE7F95FAB1CD}"
EndProject
Project("{2150E333-8FDC-42A3-9474-1A3956D46DE8}") = "Solution Items", "Solution Items", "{A3842E80-B2B3-45B3-B594-B8049DFE671A}"
	ProjectSection(SolutionItems) = preProject
		add-migration.bat = add-migration.bat
		global.json = global.json
		run-migrations.bat = run-migrations.bat
	EndProjectSection
EndProject
Project("{8BB2217D-0F2D-49D1-97BC-3654ED321F3B}") = "SimpleFeed.Web", "src\SimpleFeed.Web\SimpleFeed.Web.xproj", "{C0D15A37-A0DE-4C81-92A9-2EDF4D10AA9F}"
EndProject
Project("{8BB2217D-0F2D-49D1-97BC-3654ED321F3B}") = "SimpleFeed.Data", "src\SimpleFeed.Data\SimpleFeed.Data.xproj", "{11FA1695-6D72-414B-8D23-B6C692425FFE}"
EndProject
Project("{8BB2217D-0F2D-49D1-97BC-3654ED321F3B}") = "SimpleFeed.Core", "src\SimpleFeed.Core\SimpleFeed.Core.xproj", "{442D66E6-5789-4087-98CA-4E59B7F52AC2}"
EndProject
Global
	GlobalSection(SolutionConfigurationPlatforms) = preSolution
		Debug|Any CPU = Debug|Any CPU
		Release|Any CPU = Release|Any CPU
	EndGlobalSection
	GlobalSection(ProjectConfigurationPlatforms) = postSolution
		{C0D15A37-A0DE-4C81-92A9-2EDF4D10AA9F}.Debug|Any CPU.ActiveCfg = Debug|Any CPU
		{C0D15A37-A0DE-4C81-92A9-2EDF4D10AA9F}.Debug|Any CPU.Build.0 = Debug|Any CPU
		{C0D15A37-A0DE-4C81-92A9-2EDF4D10AA9F}.Release|Any CPU.ActiveCfg = Release|Any CPU
		{C0D15A37-A0DE-4C81-92A9-2EDF4D10AA9F}.Release|Any CPU.Build.0 = Release|Any CPU
		{11FA1695-6D72-414B-8D23-B6C692425FFE}.Debug|Any CPU.ActiveCfg = Debug|Any CPU
		{11FA1695-6D72-414B-8D23-B6C692425FFE}.Debug|Any CPU.Build.0 = Debug|Any CPU
		{11FA1695-6D72-414B-8D23-B6C692425FFE}.Release|Any CPU.ActiveCfg = Release|Any CPU
		{11FA1695-6D72-414B-8D23-B6C692425FFE}.Release|Any CPU.Build.0 = Release|Any CPU
		{442D66E6-5789-4087-98CA-4E59B7F52AC2}.Debug|Any CPU.ActiveCfg = Debug|Any CPU
		{442D66E6-5789-4087-98CA-4E59B7F52AC2}.Debug|Any CPU.Build.0 = Debug|Any CPU
		{442D66E6-5789-4087-98CA-4E59B7F52AC2}.Release|Any CPU.ActiveCfg = Release|Any CPU
		{442D66E6-5789-4087-98CA-4E59B7F52AC2}.Release|Any CPU.Build.0 = Release|Any CPU
	EndGlobalSection
	GlobalSection(SolutionProperties) = preSolution
		HideSolutionNode = FALSE
	EndGlobalSection
	GlobalSection(NestedProjects) = preSolution
		{C0D15A37-A0DE-4C81-92A9-2EDF4D10AA9F} = {BA439C52-CE51-48C3-A917-BE7F95FAB1CD}
		{11FA1695-6D72-414B-8D23-B6C692425FFE} = {BA439C52-CE51-48C3-A917-BE7F95FAB1CD}
		{442D66E6-5789-4087-98CA-4E59B7F52AC2} = {BA439C52-CE51-48C3-A917-BE7F95FAB1CD}
	EndGlobalSection
EndGlobal
